PODS:
  - GRMustache.swift (2.0.0)
  - GzipSwift (5.1.1)
  - Just (0.7.1)
  - PromiseKit (6.13.1):
    - PromiseKit/CorePromise (= 6.13.1)
    - PromiseKit/Foundation (= 6.13.1)
    - PromiseKit/UIKit (= 6.13.1)
  - PromiseKit/CorePromise (6.13.1)
  - PromiseKit/Foundation (6.13.1):
    - PromiseKit/CorePromise
  - Sparkle (1.23.0)

DEPENDENCIES:
  - GRMustache.swift (from `https://github.com/iina/GRMustache.swift`)
  - GzipSwift
  - Just (from `https://github.com/iina/Just`, branch `swift-5`)
  - PromiseKit
  - Sparkle

SPEC REPOS:
  trunk:
    - GzipSwift
    - PromiseKit
    - Sparkle

EXTERNAL SOURCES:
  GRMustache.swift:
    :git: https://github.com/iina/GRMustache.swift
  Just:
    :branch: swift-5
    :git: https://github.com/iina/Just

CHECKOUT OPTIONS:
  GRMustache.swift:
    :commit: a46e65d00b4753449b90465be813bbdb1a9ffc9d
    :git: https://github.com/iina/GRMustache.swift
  Just:
    :commit: d0ae3f9bc2d6bf247b19217764a096bbac55f007
    :git: https://github.com/iina/Just

SPEC CHECKSUMS:
  GRMustache.swift: 53405b02c374520f9193cf41bfa677f03a6d70aa
  GzipSwift: 893f3e48e597a1a4f62fafcb6514220fcf8287fa
  Just: 3c64f42cd75ad819a4d42a1052006f7c44054d9e
  PromiseKit: 28fda91c973cc377875d8c0ea4f973013c05b6db
  Sparkle: 55b1a87ba69d56913375a281546b7c82dec95bb0

PODFILE CHECKSUM: 4969f0d73fe5d871a1a1853ad7807a345443e71a

COCOAPODS: 1.11.2
